{
  "name": "html-template-playground",
  "version": "1.0.0",
  "lockfileVersion": 1,
  "requires": true,
  "dependencies": {
    "codyhouse-framework": {
      "version": "2.1.7",
      "resolved": "https://registry.npmjs.org/codyhouse-framework/-/codyhouse-framework-2.1.7.tgz",
      "integrity": "sha512-K9dnf3wdeO45Trc5TDV4KbifZNBRXPrObFV0i0WylkVdjzBaYDp7618sd5v1G7uDE7UoDBWz/Eu6QtoxwrV4Ug=="
    }
  }
}
